
Microsoft Visual Studio Solution File, Format Version 12.00
# Visual Studio 14
VisualStudioVersion = 14.0.25420.1
MinimumVisualStudioVersion = 10.0.40219.1
Project("{FAE04EC0-301F-11D3-BF4B-00C04F79EFBC}") = "SimpleFactoryPattern", "SimpleFactoryPattern\SimpleFactoryPattern.csproj", "{BE882C29-9247-4C01-91E1-C89FB2501D59}"
EndProject
Project("{FAE04EC0-301F-11D3-BF4B-00C04F79EFBC}") = "SimpleFactoryPatternTests", "SimpleFactoryPatternTests\SimpleFactoryPatternTests.csproj", "{06B2E201-AFB2-4EBC-BD2A-571BE3919647}"
EndProject
Project("{2150E333-8FDC-42A3-9474-1A3956D46DE8}") = "Chapter_1", "Chapter_1", "{6E2DF814-7980-44D7-86A0-5265B6F2A17A}"
EndProject
Project("{2150E333-8FDC-42A3-9474-1A3956D46DE8}") = "Chapter_2", "Chapter_2", "{E34642AC-14D2-4FF4-8D9E-302A4674E227}"
EndProject
Project("{FAE04EC0-301F-11D3-BF4B-00C04F79EFBC}") = "StrategyMode", "StrategyMode\StrategyMode.csproj", "{E2AA131A-277A-4634-913B-3EA10072B91F}"
EndProject
Project("{FAE04EC0-301F-11D3-BF4B-00C04F79EFBC}") = "Strategy_SimpleFactory", "Strategy_SimpleFactory\Strategy_SimpleFactory.csproj", "{4ED09D4F-9F0A-465B-A92E-D054474C93B2}"
EndProject
Project("{FAE04EC0-301F-11D3-BF4B-00C04F79EFBC}") = "Strategy_SimpleFactoryTests", "Strategy_SimpleFactoryTests\Strategy_SimpleFactoryTests.csproj", "{30417F93-A885-4ADE-B355-DC7A5BBEB113}"
EndProject
Project("{2150E333-8FDC-42A3-9474-1A3956D46DE8}") = "Chapter_3", "Chapter_3", "{FB5ADDD5-23A4-423D-A473-A7AAE45EC980}"
EndProject
Project("{FAE04EC0-301F-11D3-BF4B-00C04F79EFBC}") = "SingleResponsibilityPrinciple", "SingleResponsibilityPrinciple\SingleResponsibilityPrinciple.csproj", "{99D6BF7A-25EE-4083-A722-CC24D13CDA64}"
EndProject
Project("{2150E333-8FDC-42A3-9474-1A3956D46DE8}") = "Chapter_4", "Chapter_4", "{0164A98A-013C-429E-A12D-CB07DF018E6F}"
EndProject
Project("{FAE04EC0-301F-11D3-BF4B-00C04F79EFBC}") = "OpenClosedPrinciple", "Open-Close\OpenClosedPrinciple.csproj", "{E53F565D-D039-4B89-9A5F-E73C2C05AB4E}"
EndProject
Project("{2150E333-8FDC-42A3-9474-1A3956D46DE8}") = "Chapter_5", "Chapter_5", "{6753D113-AF12-47CE-8C6D-97DC7E7A8A64}"
EndProject
Project("{FAE04EC0-301F-11D3-BF4B-00C04F79EFBC}") = "DependenceInversionPrinciple", "DependenceInversionPrinciple\DependenceInversionPrinciple.csproj", "{246C7B88-CF68-4C0E-A209-952EC0B88451}"
EndProject
Project("{FAE04EC0-301F-11D3-BF4B-00C04F79EFBC}") = "DependenceInversionPrincipleTests", "DependenceInversionPrincipleTests\DependenceInversionPrincipleTests.csproj", "{C5ABB1ED-6FDC-4E86-91B1-C14DE6C50EDB}"
EndProject
Project("{2150E333-8FDC-42A3-9474-1A3956D46DE8}") = "Chapter_23", "Chapter_23", "{4FFE5B85-42B4-4038-9D53-C6D1A57E9966}"
EndProject
Project("{FAE04EC0-301F-11D3-BF4B-00C04F79EFBC}") = "Singleton", "Singleton\Singleton.csproj", "{21C3FD0A-CF43-4194-B181-F52760C0EA1E}"
EndProject
Project("{FAE04EC0-301F-11D3-BF4B-00C04F79EFBC}") = "Singleton_Tests", "Singleton_Tests\Singleton_Tests.csproj", "{F11FE41A-63A3-45DF-BCAC-0A19CDA02B36}"
EndProject
Global
	GlobalSection(SolutionConfigurationPlatforms) = preSolution
		Debug|Any CPU = Debug|Any CPU
		Release|Any CPU = Release|Any CPU
	EndGlobalSection
	GlobalSection(ProjectConfigurationPlatforms) = postSolution
		{BE882C29-9247-4C01-91E1-C89FB2501D59}.Debug|Any CPU.ActiveCfg = Debug|Any CPU
		{BE882C29-9247-4C01-91E1-C89FB2501D59}.Debug|Any CPU.Build.0 = Debug|Any CPU
		{BE882C29-9247-4C01-91E1-C89FB2501D59}.Release|Any CPU.ActiveCfg = Release|Any CPU
		{BE882C29-9247-4C01-91E1-C89FB2501D59}.Release|Any CPU.Build.0 = Release|Any CPU
		{06B2E201-AFB2-4EBC-BD2A-571BE3919647}.Debug|Any CPU.ActiveCfg = Debug|Any CPU
		{06B2E201-AFB2-4EBC-BD2A-571BE3919647}.Debug|Any CPU.Build.0 = Debug|Any CPU
		{06B2E201-AFB2-4EBC-BD2A-571BE3919647}.Release|Any CPU.ActiveCfg = Release|Any CPU
		{06B2E201-AFB2-4EBC-BD2A-571BE3919647}.Release|Any CPU.Build.0 = Release|Any CPU
		{E2AA131A-277A-4634-913B-3EA10072B91F}.Debug|Any CPU.ActiveCfg = Debug|Any CPU
		{E2AA131A-277A-4634-913B-3EA10072B91F}.Debug|Any CPU.Build.0 = Debug|Any CPU
		{E2AA131A-277A-4634-913B-3EA10072B91F}.Release|Any CPU.ActiveCfg = Release|Any CPU
		{E2AA131A-277A-4634-913B-3EA10072B91F}.Release|Any CPU.Build.0 = Release|Any CPU
		{4ED09D4F-9F0A-465B-A92E-D054474C93B2}.Debug|Any CPU.ActiveCfg = Debug|Any CPU
		{4ED09D4F-9F0A-465B-A92E-D054474C93B2}.Debug|Any CPU.Build.0 = Debug|Any CPU
		{4ED09D4F-9F0A-465B-A92E-D054474C93B2}.Release|Any CPU.ActiveCfg = Release|Any CPU
		{4ED09D4F-9F0A-465B-A92E-D054474C93B2}.Release|Any CPU.Build.0 = Release|Any CPU
		{30417F93-A885-4ADE-B355-DC7A5BBEB113}.Debug|Any CPU.ActiveCfg = Debug|Any CPU
		{30417F93-A885-4ADE-B355-DC7A5BBEB113}.Debug|Any CPU.Build.0 = Debug|Any CPU
		{30417F93-A885-4ADE-B355-DC7A5BBEB113}.Release|Any CPU.ActiveCfg = Release|Any CPU
		{30417F93-A885-4ADE-B355-DC7A5BBEB113}.Release|Any CPU.Build.0 = Release|Any CPU
		{99D6BF7A-25EE-4083-A722-CC24D13CDA64}.Debug|Any CPU.ActiveCfg = Debug|Any CPU
		{99D6BF7A-25EE-4083-A722-CC24D13CDA64}.Debug|Any CPU.Build.0 = Debug|Any CPU
		{99D6BF7A-25EE-4083-A722-CC24D13CDA64}.Release|Any CPU.ActiveCfg = Release|Any CPU
		{99D6BF7A-25EE-4083-A722-CC24D13CDA64}.Release|Any CPU.Build.0 = Release|Any CPU
		{E53F565D-D039-4B89-9A5F-E73C2C05AB4E}.Debug|Any CPU.ActiveCfg = Debug|Any CPU
		{E53F565D-D039-4B89-9A5F-E73C2C05AB4E}.Debug|Any CPU.Build.0 = Debug|Any CPU
		{E53F565D-D039-4B89-9A5F-E73C2C05AB4E}.Release|Any CPU.ActiveCfg = Release|Any CPU
		{E53F565D-D039-4B89-9A5F-E73C2C05AB4E}.Release|Any CPU.Build.0 = Release|Any CPU
		{246C7B88-CF68-4C0E-A209-952EC0B88451}.Debug|Any CPU.ActiveCfg = Debug|Any CPU
		{246C7B88-CF68-4C0E-A209-952EC0B88451}.Debug|Any CPU.Build.0 = Debug|Any CPU
		{246C7B88-CF68-4C0E-A209-952EC0B88451}.Release|Any CPU.ActiveCfg = Release|Any CPU
		{246C7B88-CF68-4C0E-A209-952EC0B88451}.Release|Any CPU.Build.0 = Release|Any CPU
		{C5ABB1ED-6FDC-4E86-91B1-C14DE6C50EDB}.Debug|Any CPU.ActiveCfg = Debug|Any CPU
		{C5ABB1ED-6FDC-4E86-91B1-C14DE6C50EDB}.Debug|Any CPU.Build.0 = Debug|Any CPU
		{C5ABB1ED-6FDC-4E86-91B1-C14DE6C50EDB}.Release|Any CPU.ActiveCfg = Release|Any CPU
		{C5ABB1ED-6FDC-4E86-91B1-C14DE6C50EDB}.Release|Any CPU.Build.0 = Release|Any CPU
		{21C3FD0A-CF43-4194-B181-F52760C0EA1E}.Debug|Any CPU.ActiveCfg = Debug|Any CPU
		{21C3FD0A-CF43-4194-B181-F52760C0EA1E}.Debug|Any CPU.Build.0 = Debug|Any CPU
		{21C3FD0A-CF43-4194-B181-F52760C0EA1E}.Release|Any CPU.ActiveCfg = Release|Any CPU
		{21C3FD0A-CF43-4194-B181-F52760C0EA1E}.Release|Any CPU.Build.0 = Release|Any CPU
		{F11FE41A-63A3-45DF-BCAC-0A19CDA02B36}.Debug|Any CPU.ActiveCfg = Debug|Any CPU
		{F11FE41A-63A3-45DF-BCAC-0A19CDA02B36}.Debug|Any CPU.Build.0 = Debug|Any CPU
		{F11FE41A-63A3-45DF-BCAC-0A19CDA02B36}.Release|Any CPU.ActiveCfg = Release|Any CPU
		{F11FE41A-63A3-45DF-BCAC-0A19CDA02B36}.Release|Any CPU.Build.0 = Release|Any CPU
	EndGlobalSection
	GlobalSection(SolutionProperties) = preSolution
		HideSolutionNode = FALSE
	EndGlobalSection
	GlobalSection(NestedProjects) = preSolution
		{BE882C29-9247-4C01-91E1-C89FB2501D59} = {6E2DF814-7980-44D7-86A0-5265B6F2A17A}
		{06B2E201-AFB2-4EBC-BD2A-571BE3919647} = {6E2DF814-7980-44D7-86A0-5265B6F2A17A}
		{E2AA131A-277A-4634-913B-3EA10072B91F} = {E34642AC-14D2-4FF4-8D9E-302A4674E227}
		{4ED09D4F-9F0A-465B-A92E-D054474C93B2} = {E34642AC-14D2-4FF4-8D9E-302A4674E227}
		{30417F93-A885-4ADE-B355-DC7A5BBEB113} = {E34642AC-14D2-4FF4-8D9E-302A4674E227}
		{99D6BF7A-25EE-4083-A722-CC24D13CDA64} = {FB5ADDD5-23A4-423D-A473-A7AAE45EC980}
		{E53F565D-D039-4B89-9A5F-E73C2C05AB4E} = {0164A98A-013C-429E-A12D-CB07DF018E6F}
		{246C7B88-CF68-4C0E-A209-952EC0B88451} = {6753D113-AF12-47CE-8C6D-97DC7E7A8A64}
		{C5ABB1ED-6FDC-4E86-91B1-C14DE6C50EDB} = {6753D113-AF12-47CE-8C6D-97DC7E7A8A64}
		{21C3FD0A-CF43-4194-B181-F52760C0EA1E} = {4FFE5B85-42B4-4038-9D53-C6D1A57E9966}
		{F11FE41A-63A3-45DF-BCAC-0A19CDA02B36} = {4FFE5B85-42B4-4038-9D53-C6D1A57E9966}
	EndGlobalSection
EndGlobal
